
Microsoft Visual Studio Solution File, Format Version 11.00
# Visual Studio 2010
Project("{FAE04EC0-301F-11D3-BF4B-00C04F79EFBC}") = "Assembly-CSharp", "Assembly-CSharp.csproj", "{976775B6-4691-2D80-C4AF-ABACF6ADF225}"
EndProject
Project("{FAE04EC0-301F-11D3-BF4B-00C04F79EFBC}") = "PlayMode", "PlayMode.csproj", "{32CE8C07-EC15-D1D2-0F5F-814C64F0B546}"
EndProject
Project("{FAE04EC0-301F-11D3-BF4B-00C04F79EFBC}") = "EditMode", "EditMode.csproj", "{8B22C8B9-7800-6A49-417E-21C5E35B07C4}"
EndProject
Global
	GlobalSection(SolutionConfigurationPlatforms) = preSolution
		Debug|Any CPU = Debug|Any CPU
		Release|Any CPU = Release|Any CPU
	EndGlobalSection
	GlobalSection(ProjectConfigurationPlatforms) = postSolution
		{976775B6-4691-2D80-C4AF-ABACF6ADF225}.Debug|Any CPU.ActiveCfg = Debug|Any CPU
		{976775B6-4691-2D80-C4AF-ABACF6ADF225}.Debug|Any CPU.Build.0 = Debug|Any CPU
		{976775B6-4691-2D80-C4AF-ABACF6ADF225}.Release|Any CPU.ActiveCfg = Release|Any CPU
		{976775B6-4691-2D80-C4AF-ABACF6ADF225}.Release|Any CPU.Build.0 = Release|Any CPU
		{32CE8C07-EC15-D1D2-0F5F-814C64F0B546}.Debug|Any CPU.ActiveCfg = Debug|Any CPU
		{32CE8C07-EC15-D1D2-0F5F-814C64F0B546}.Debug|Any CPU.Build.0 = Debug|Any CPU
		{32CE8C07-EC15-D1D2-0F5F-814C64F0B546}.Release|Any CPU.ActiveCfg = Release|Any CPU
		{32CE8C07-EC15-D1D2-0F5F-814C64F0B546}.Release|Any CPU.Build.0 = Release|Any CPU
		{8B22C8B9-7800-6A49-417E-21C5E35B07C4}.Debug|Any CPU.ActiveCfg = Debug|Any CPU
		{8B22C8B9-7800-6A49-417E-21C5E35B07C4}.Debug|Any CPU.Build.0 = Debug|Any CPU
		{8B22C8B9-7800-6A49-417E-21C5E35B07C4}.Release|Any CPU.ActiveCfg = Release|Any CPU
		{8B22C8B9-7800-6A49-417E-21C5E35B07C4}.Release|Any CPU.Build.0 = Release|Any CPU
	EndGlobalSection
	GlobalSection(SolutionProperties) = preSolution
		HideSolutionNode = FALSE
	EndGlobalSection
	GlobalSection(MonoDevelopProperties) = preSolution
		StartupItem = Assembly-CSharp.csproj
	EndGlobalSection
EndGlobal
